
Microsoft Visual Studio Solution File, Format Version 12.00
Project("{FAE04EC0-301F-11D3-BF4B-00C04F79EFBC}") = "MultiCriteriaLibraryApi", "MultiCriteriaLibraryApi\MultiCriteriaLibraryApi.csproj", "{05CFD013-B964-49FE-A426-C36251BA4CF9}"
EndProject
Project("{FAE04EC0-301F-11D3-BF4B-00C04F79EFBC}") = "Web.UI", "Web.UI\Web.UI.csproj", "{134712F2-887B-4578-A093-1718635CE23F}"
EndProject
Project("{FAE04EC0-301F-11D3-BF4B-00C04F79EFBC}") = "IntegrationTest", "IntegrationTest\IntegrationTest.csproj", "{6E883E43-DA62-4DF2-A691-3D2382A92212}"
EndProject
Global
	GlobalSection(SolutionConfigurationPlatforms) = preSolution
		Debug|Any CPU = Debug|Any CPU
		Release|Any CPU = Release|Any CPU
	EndGlobalSection
	GlobalSection(ProjectConfigurationPlatforms) = postSolution
		{05CFD013-B964-49FE-A426-C36251BA4CF9}.Debug|Any CPU.ActiveCfg = Debug|Any CPU
		{05CFD013-B964-49FE-A426-C36251BA4CF9}.Debug|Any CPU.Build.0 = Debug|Any CPU
		{05CFD013-B964-49FE-A426-C36251BA4CF9}.Release|Any CPU.ActiveCfg = Release|Any CPU
		{05CFD013-B964-49FE-A426-C36251BA4CF9}.Release|Any CPU.Build.0 = Release|Any CPU
		{134712F2-887B-4578-A093-1718635CE23F}.Debug|Any CPU.ActiveCfg = Debug|Any CPU
		{134712F2-887B-4578-A093-1718635CE23F}.Debug|Any CPU.Build.0 = Debug|Any CPU
		{134712F2-887B-4578-A093-1718635CE23F}.Release|Any CPU.ActiveCfg = Release|Any CPU
		{134712F2-887B-4578-A093-1718635CE23F}.Release|Any CPU.Build.0 = Release|Any CPU
		{6E883E43-DA62-4DF2-A691-3D2382A92212}.Debug|Any CPU.ActiveCfg = Debug|Any CPU
		{6E883E43-DA62-4DF2-A691-3D2382A92212}.Debug|Any CPU.Build.0 = Debug|Any CPU
		{6E883E43-DA62-4DF2-A691-3D2382A92212}.Release|Any CPU.ActiveCfg = Release|Any CPU
		{6E883E43-DA62-4DF2-A691-3D2382A92212}.Release|Any CPU.Build.0 = Release|Any CPU
	EndGlobalSection
EndGlobal
